
Microsoft Visual Studio Solution File, Format Version 12.00
# Visual Studio Version 17
VisualStudioVersion = 17.10.34607.79
MinimumVisualStudioVersion = 10.0.40219.1
Project("{9A19103F-16F7-4668-BE54-9A1E7A4F7556}") = "AzureMobSvc.Srv", "AzureMobSvc.Srv\AzureMobSvc.Srv.csproj", "{C576B752-AAB4-4161-B04A-1628F799D8F0}"
EndProject
Project("{9A19103F-16F7-4668-BE54-9A1E7A4F7556}") = "AzureMobSvc.Client", "AzureMobSvc.Client\AzureMobSvc.Client.csproj", "{0E835FCA-9BEA-4834-9219-7CDEAE5C7A20}"
EndProject
Global
	GlobalSection(SolutionConfigurationPlatforms) = preSolution
		Debug|Any CPU = Debug|Any CPU
		Release|Any CPU = Release|Any CPU
	EndGlobalSection
	GlobalSection(ProjectConfigurationPlatforms) = postSolution
		{C576B752-AAB4-4161-B04A-1628F799D8F0}.Debug|Any CPU.ActiveCfg = Debug|Any CPU
		{C576B752-AAB4-4161-B04A-1628F799D8F0}.Debug|Any CPU.Build.0 = Debug|Any CPU
		{C576B752-AAB4-4161-B04A-1628F799D8F0}.Release|Any CPU.ActiveCfg = Release|Any CPU
		{C576B752-AAB4-4161-B04A-1628F799D8F0}.Release|Any CPU.Build.0 = Release|Any CPU
		{0E835FCA-9BEA-4834-9219-7CDEAE5C7A20}.Debug|Any CPU.ActiveCfg = Debug|Any CPU
		{0E835FCA-9BEA-4834-9219-7CDEAE5C7A20}.Debug|Any CPU.Build.0 = Debug|Any CPU
		{0E835FCA-9BEA-4834-9219-7CDEAE5C7A20}.Debug|Any CPU.Deploy.0 = Debug|Any CPU
		{0E835FCA-9BEA-4834-9219-7CDEAE5C7A20}.Release|Any CPU.ActiveCfg = Release|Any CPU
		{0E835FCA-9BEA-4834-9219-7CDEAE5C7A20}.Release|Any CPU.Build.0 = Release|Any CPU
		{0E835FCA-9BEA-4834-9219-7CDEAE5C7A20}.Release|Any CPU.Deploy.0 = Release|Any CPU
	EndGlobalSection
	GlobalSection(SolutionProperties) = preSolution
		HideSolutionNode = FALSE
	EndGlobalSection
	GlobalSection(ExtensibilityGlobals) = postSolution
		SolutionGuid = {7EE9F1F0-B3B3-4C95-8A8A-30D3611D11C4}
	EndGlobalSection
EndGlobal
