
Microsoft Visual Studio Solution File, Format Version 12.00
# Visual Studio Version 17
VisualStudioVersion = 17.4.33110.190
MinimumVisualStudioVersion = 10.0.40219.1
Project("{9A19103F-16F7-4668-BE54-9A1E7A4F7556}") = "BlazorAppDemo01", "BlazorAppDemo01\BlazorAppDemo01.csproj", "{0E46A811-A66C-4E23-85B3-B8E979547C59}"
EndProject
Global
	GlobalSection(SolutionConfigurationPlatforms) = preSolution
		Debug|Any CPU = Debug|Any CPU
		Release|Any CPU = Release|Any CPU
	EndGlobalSection
	GlobalSection(ProjectConfigurationPlatforms) = postSolution
		{0E46A811-A66C-4E23-85B3-B8E979547C59}.Debug|Any CPU.ActiveCfg = Debug|Any CPU
		{0E46A811-A66C-4E23-85B3-B8E979547C59}.Debug|Any CPU.Build.0 = Debug|Any CPU
		{0E46A811-A66C-4E23-85B3-B8E979547C59}.Release|Any CPU.ActiveCfg = Release|Any CPU
		{0E46A811-A66C-4E23-85B3-B8E979547C59}.Release|Any CPU.Build.0 = Release|Any CPU
	EndGlobalSection
	GlobalSection(SolutionProperties) = preSolution
		HideSolutionNode = FALSE
	EndGlobalSection
	GlobalSection(ExtensibilityGlobals) = postSolution
		SolutionGuid = {D5A5D8CD-5208-480A-B77D-034FCBBFCD38}
	EndGlobalSection
EndGlobal
