
Microsoft Visual Studio Solution File, Format Version 12.00
# Visual Studio Version 17
VisualStudioVersion = 17.4.33110.190
MinimumVisualStudioVersion = 10.0.40219.1
Project("{FAE04EC0-301F-11D3-BF4B-00C04F79EFBC}") = "BlazorCustomElement", "BlazorCustomElement\BlazorCustomElement.csproj", "{89FBDDE4-865E-466B-8E3B-EB454CD35AEA}"
EndProject
Global
	GlobalSection(SolutionConfigurationPlatforms) = preSolution
		Debug|Any CPU = Debug|Any CPU
		Release|Any CPU = Release|Any CPU
	EndGlobalSection
	GlobalSection(ProjectConfigurationPlatforms) = postSolution
		{89FBDDE4-865E-466B-8E3B-EB454CD35AEA}.Debug|Any CPU.ActiveCfg = Debug|Any CPU
		{89FBDDE4-865E-466B-8E3B-EB454CD35AEA}.Debug|Any CPU.Build.0 = Debug|Any CPU
		{89FBDDE4-865E-466B-8E3B-EB454CD35AEA}.Release|Any CPU.ActiveCfg = Release|Any CPU
		{89FBDDE4-865E-466B-8E3B-EB454CD35AEA}.Release|Any CPU.Build.0 = Release|Any CPU
	EndGlobalSection
	GlobalSection(SolutionProperties) = preSolution
		HideSolutionNode = FALSE
	EndGlobalSection
	GlobalSection(ExtensibilityGlobals) = postSolution
		SolutionGuid = {88A77FD1-3EE0-4460-947A-561FB6FAA1B0}
	EndGlobalSection
EndGlobal
