
Microsoft Visual Studio Solution File, Format Version 12.00
# Visual Studio Version 17
VisualStudioVersion = 17.10.34707.107
MinimumVisualStudioVersion = 10.0.40219.1
Project("{9A19103F-16F7-4668-BE54-9A1E7A4F7556}") = "MauiGenoaExpenseMng", "01\MauiGenoaExpenseMng\MauiGenoaExpenseMng.csproj", "{FF5A25D1-CEC6-4C1F-8E68-4B4F385C3CC1}"
EndProject
Project("{2150E333-8FDC-42A3-9474-1A3956D46DE8}") = "_Vanilla", "_Vanilla", "{40238066-5C8D-4503-BC06-9FA744BD7E38}"
EndProject
Project("{2150E333-8FDC-42A3-9474-1A3956D46DE8}") = "03", "03", "{A3308218-757B-4A02-9CA1-8F30D6CF7A53}"
EndProject
Project("{9A19103F-16F7-4668-BE54-9A1E7A4F7556}") = "MauiGenoaExpenseMng", "03\Maui\MauiGenoaExpenseMng.csproj", "{824622FC-737B-49FF-AF98-E54394AEDD07}"
EndProject
Project("{9A19103F-16F7-4668-BE54-9A1E7A4F7556}") = "Shared.Mvvm", "03\Shared.Mvvm\Shared.Mvvm.csproj", "{DB7953D3-1A98-4CCD-BA65-820F161172DB}"
EndProject
Project("{9A19103F-16F7-4668-BE54-9A1E7A4F7556}") = "BlazorGenoaExpenseMng", "03\BlazorGenoaExpenseMng\BlazorGenoaExpenseMng.csproj", "{644B564B-A075-425E-988E-63C020AB252C}"
EndProject
Project("{2150E333-8FDC-42A3-9474-1A3956D46DE8}") = "05", "05", "{703445EC-9335-4379-94F1-AC8CA50BA9AB}"
EndProject
Project("{9A19103F-16F7-4668-BE54-9A1E7A4F7556}") = "BlazorGenoaExpenseMng", "05\BlazorGenoaExpenseMng\BlazorGenoaExpenseMng.csproj", "{B809BF49-0826-41C0-9DE0-7584841AA550}"
EndProject
Project("{9A19103F-16F7-4668-BE54-9A1E7A4F7556}") = "Shared.Mvvm", "05\Shared.Mvvm\Shared.Mvvm.csproj", "{A3632AAA-CC2B-469F-B4FA-AC3BA6C730F5}"
EndProject
Project("{2150E333-8FDC-42A3-9474-1A3956D46DE8}") = "06", "06", "{32B6247C-43AE-4BAD-A0E8-55A9198BB358}"
EndProject
Project("{9A19103F-16F7-4668-BE54-9A1E7A4F7556}") = "BlazorWebApp", "06\BlazorWebApp\BlazorWebApp\BlazorWebApp.csproj", "{F126E560-1270-4078-AC55-B70FB257ACBE}"
EndProject
Project("{9A19103F-16F7-4668-BE54-9A1E7A4F7556}") = "BlazorWebApp.Client", "06\BlazorWebApp\BlazorWebApp.Client\BlazorWebApp.Client.csproj", "{B80F6C3A-3E6D-4875-A26E-7D86C41CDF8C}"
EndProject
Project("{9A19103F-16F7-4668-BE54-9A1E7A4F7556}") = "SharedClassLibrary", "06\SharedClassLibrary\SharedClassLibrary.csproj", "{760F19C2-76EF-4A5F-BFD4-0E8456C6B312}"
EndProject
Global
	GlobalSection(SolutionConfigurationPlatforms) = preSolution
		Debug|Any CPU = Debug|Any CPU
		Release|Any CPU = Release|Any CPU
	EndGlobalSection
	GlobalSection(ProjectConfigurationPlatforms) = postSolution
		{FF5A25D1-CEC6-4C1F-8E68-4B4F385C3CC1}.Debug|Any CPU.ActiveCfg = Debug|Any CPU
		{FF5A25D1-CEC6-4C1F-8E68-4B4F385C3CC1}.Debug|Any CPU.Build.0 = Debug|Any CPU
		{FF5A25D1-CEC6-4C1F-8E68-4B4F385C3CC1}.Debug|Any CPU.Deploy.0 = Debug|Any CPU
		{FF5A25D1-CEC6-4C1F-8E68-4B4F385C3CC1}.Release|Any CPU.ActiveCfg = Release|Any CPU
		{FF5A25D1-CEC6-4C1F-8E68-4B4F385C3CC1}.Release|Any CPU.Build.0 = Release|Any CPU
		{FF5A25D1-CEC6-4C1F-8E68-4B4F385C3CC1}.Release|Any CPU.Deploy.0 = Release|Any CPU
		{824622FC-737B-49FF-AF98-E54394AEDD07}.Debug|Any CPU.ActiveCfg = Debug|Any CPU
		{824622FC-737B-49FF-AF98-E54394AEDD07}.Debug|Any CPU.Build.0 = Debug|Any CPU
		{824622FC-737B-49FF-AF98-E54394AEDD07}.Debug|Any CPU.Deploy.0 = Debug|Any CPU
		{824622FC-737B-49FF-AF98-E54394AEDD07}.Release|Any CPU.ActiveCfg = Release|Any CPU
		{824622FC-737B-49FF-AF98-E54394AEDD07}.Release|Any CPU.Build.0 = Release|Any CPU
		{824622FC-737B-49FF-AF98-E54394AEDD07}.Release|Any CPU.Deploy.0 = Release|Any CPU
		{DB7953D3-1A98-4CCD-BA65-820F161172DB}.Debug|Any CPU.ActiveCfg = Debug|Any CPU
		{DB7953D3-1A98-4CCD-BA65-820F161172DB}.Debug|Any CPU.Build.0 = Debug|Any CPU
		{DB7953D3-1A98-4CCD-BA65-820F161172DB}.Release|Any CPU.ActiveCfg = Release|Any CPU
		{DB7953D3-1A98-4CCD-BA65-820F161172DB}.Release|Any CPU.Build.0 = Release|Any CPU
		{644B564B-A075-425E-988E-63C020AB252C}.Debug|Any CPU.ActiveCfg = Debug|Any CPU
		{644B564B-A075-425E-988E-63C020AB252C}.Debug|Any CPU.Build.0 = Debug|Any CPU
		{644B564B-A075-425E-988E-63C020AB252C}.Release|Any CPU.ActiveCfg = Release|Any CPU
		{644B564B-A075-425E-988E-63C020AB252C}.Release|Any CPU.Build.0 = Release|Any CPU
		{B809BF49-0826-41C0-9DE0-7584841AA550}.Debug|Any CPU.ActiveCfg = Debug|Any CPU
		{B809BF49-0826-41C0-9DE0-7584841AA550}.Debug|Any CPU.Build.0 = Debug|Any CPU
		{B809BF49-0826-41C0-9DE0-7584841AA550}.Release|Any CPU.ActiveCfg = Release|Any CPU
		{B809BF49-0826-41C0-9DE0-7584841AA550}.Release|Any CPU.Build.0 = Release|Any CPU
		{A3632AAA-CC2B-469F-B4FA-AC3BA6C730F5}.Debug|Any CPU.ActiveCfg = Debug|Any CPU
		{A3632AAA-CC2B-469F-B4FA-AC3BA6C730F5}.Debug|Any CPU.Build.0 = Debug|Any CPU
		{A3632AAA-CC2B-469F-B4FA-AC3BA6C730F5}.Release|Any CPU.ActiveCfg = Release|Any CPU
		{A3632AAA-CC2B-469F-B4FA-AC3BA6C730F5}.Release|Any CPU.Build.0 = Release|Any CPU
		{F126E560-1270-4078-AC55-B70FB257ACBE}.Debug|Any CPU.ActiveCfg = Debug|Any CPU
		{F126E560-1270-4078-AC55-B70FB257ACBE}.Debug|Any CPU.Build.0 = Debug|Any CPU
		{F126E560-1270-4078-AC55-B70FB257ACBE}.Release|Any CPU.ActiveCfg = Release|Any CPU
		{F126E560-1270-4078-AC55-B70FB257ACBE}.Release|Any CPU.Build.0 = Release|Any CPU
		{B80F6C3A-3E6D-4875-A26E-7D86C41CDF8C}.Debug|Any CPU.ActiveCfg = Debug|Any CPU
		{B80F6C3A-3E6D-4875-A26E-7D86C41CDF8C}.Debug|Any CPU.Build.0 = Debug|Any CPU
		{B80F6C3A-3E6D-4875-A26E-7D86C41CDF8C}.Release|Any CPU.ActiveCfg = Release|Any CPU
		{B80F6C3A-3E6D-4875-A26E-7D86C41CDF8C}.Release|Any CPU.Build.0 = Release|Any CPU
		{760F19C2-76EF-4A5F-BFD4-0E8456C6B312}.Debug|Any CPU.ActiveCfg = Debug|Any CPU
		{760F19C2-76EF-4A5F-BFD4-0E8456C6B312}.Debug|Any CPU.Build.0 = Debug|Any CPU
		{760F19C2-76EF-4A5F-BFD4-0E8456C6B312}.Release|Any CPU.ActiveCfg = Release|Any CPU
		{760F19C2-76EF-4A5F-BFD4-0E8456C6B312}.Release|Any CPU.Build.0 = Release|Any CPU
	EndGlobalSection
	GlobalSection(SolutionProperties) = preSolution
		HideSolutionNode = FALSE
	EndGlobalSection
	GlobalSection(NestedProjects) = preSolution
		{FF5A25D1-CEC6-4C1F-8E68-4B4F385C3CC1} = {40238066-5C8D-4503-BC06-9FA744BD7E38}
		{824622FC-737B-49FF-AF98-E54394AEDD07} = {A3308218-757B-4A02-9CA1-8F30D6CF7A53}
		{DB7953D3-1A98-4CCD-BA65-820F161172DB} = {A3308218-757B-4A02-9CA1-8F30D6CF7A53}
		{644B564B-A075-425E-988E-63C020AB252C} = {A3308218-757B-4A02-9CA1-8F30D6CF7A53}
		{B809BF49-0826-41C0-9DE0-7584841AA550} = {703445EC-9335-4379-94F1-AC8CA50BA9AB}
		{A3632AAA-CC2B-469F-B4FA-AC3BA6C730F5} = {703445EC-9335-4379-94F1-AC8CA50BA9AB}
		{F126E560-1270-4078-AC55-B70FB257ACBE} = {32B6247C-43AE-4BAD-A0E8-55A9198BB358}
		{B80F6C3A-3E6D-4875-A26E-7D86C41CDF8C} = {32B6247C-43AE-4BAD-A0E8-55A9198BB358}
		{760F19C2-76EF-4A5F-BFD4-0E8456C6B312} = {32B6247C-43AE-4BAD-A0E8-55A9198BB358}
	EndGlobalSection
	GlobalSection(ExtensibilityGlobals) = postSolution
		SolutionGuid = {D3356AEB-00E8-44D3-887B-13E91C721302}
	EndGlobalSection
EndGlobal
