
Microsoft Visual Studio Solution File, Format Version 12.00
# Visual Studio Version 17
VisualStudioVersion = 17.9.34407.89
MinimumVisualStudioVersion = 10.0.40219.1
Project("{2150E333-8FDC-42A3-9474-1A3956D46DE8}") = "Step00", "Step00", "{A20EE69D-4079-43AC-90B3-4EBE8FBC727C}"
EndProject
Project("{9A19103F-16F7-4668-BE54-9A1E7A4F7556}") = "BlazorServer", "Step00\BlazorServer\BlazorServer.csproj", "{1DF470A2-F314-43EE-AFCA-3270C88D4217}"
EndProject
Project("{9A19103F-16F7-4668-BE54-9A1E7A4F7556}") = "RazorCLib", "Step00\RazorCLib\RazorCLib.csproj", "{0D0025C9-9D48-4DD8-AC7B-F0C3DA9AF94B}"
EndProject
Project("{2150E333-8FDC-42A3-9474-1A3956D46DE8}") = "Step01", "Step01", "{3BC176BB-83CB-4270-A649-C587BAD94560}"
EndProject
Project("{9A19103F-16F7-4668-BE54-9A1E7A4F7556}") = "BlazorServer", "Step01\BlazorServer\BlazorServer.csproj", "{05C175F4-12B4-451B-BD98-F6CE6C43DAD4}"
EndProject
Project("{9A19103F-16F7-4668-BE54-9A1E7A4F7556}") = "RazorCLib", "Step01\RazorCLib\RazorCLib.csproj", "{DA6FD7D6-C847-47D1-BB4F-DA72A937A14F}"
EndProject
Project("{2150E333-8FDC-42A3-9474-1A3956D46DE8}") = "Step02", "Step02", "{725B1889-5EB9-4CA0-BFA2-CCDEE5F14656}"
EndProject
Project("{9A19103F-16F7-4668-BE54-9A1E7A4F7556}") = "BlazorServer", "Step02\BlazorServer\BlazorServer.csproj", "{D07ECBED-0618-4C2B-A78F-51C5077052D2}"
EndProject
Project("{9A19103F-16F7-4668-BE54-9A1E7A4F7556}") = "MauiAppHybrid", "Step02\MauiAppHybrid\MauiAppHybrid.csproj", "{C0C3463D-B259-4AC1-A609-4C5B0FC99905}"
EndProject
Project("{2150E333-8FDC-42A3-9474-1A3956D46DE8}") = "Step03", "Step03", "{4A7FAC7E-1898-452E-858C-AB0F7E3A98EA}"
EndProject
Project("{9A19103F-16F7-4668-BE54-9A1E7A4F7556}") = "BlazorServer", "Step03\BlazorServer\BlazorServer.csproj", "{50B1D7D7-0E82-4879-857A-C0B48B34C5BF}"
EndProject
Project("{9A19103F-16F7-4668-BE54-9A1E7A4F7556}") = "MauiAppHybrid", "Step03\MauiAppHybrid\MauiAppHybrid.csproj", "{F27C576C-B970-43CC-B5BB-824238F8FEF0}"
EndProject
Project("{9A19103F-16F7-4668-BE54-9A1E7A4F7556}") = "RazorCLib", "Step03\RazorCLib\RazorCLib.csproj", "{D3F38BF5-C6FA-4749-9CEC-1A09F9885855}"
EndProject
Project("{2150E333-8FDC-42A3-9474-1A3956D46DE8}") = "Step04", "Step04", "{73DA8D9E-9A7D-4327-9ED9-1C50F76268E5}"
EndProject
Project("{9A19103F-16F7-4668-BE54-9A1E7A4F7556}") = "BlazorServer", "Step04\BlazorServer\BlazorServer.csproj", "{A07B03C6-483C-423A-9A7F-5EA854BB636D}"
EndProject
Project("{9A19103F-16F7-4668-BE54-9A1E7A4F7556}") = "MauiAppHybrid", "Step04\MauiAppHybrid\MauiAppHybrid.csproj", "{3BD7AC76-8348-439C-8E78-B0DF6197A6DD}"
EndProject
Project("{9A19103F-16F7-4668-BE54-9A1E7A4F7556}") = "RazorCLib", "Step04\RazorCLib\RazorCLib.csproj", "{F2E86F62-8179-4339-8B79-8547AC71748F}"
EndProject
Project("{2150E333-8FDC-42A3-9474-1A3956D46DE8}") = "Step05", "Step05", "{70CD6B6D-97C3-4CF2-B5C9-A56B192A2697}"
EndProject
Project("{9A19103F-16F7-4668-BE54-9A1E7A4F7556}") = "BlazorServer", "Step05\BlazorServer\BlazorServer.csproj", "{10E3C2AC-F3CE-4CAB-A75A-2C6A2976F926}"
EndProject
Project("{9A19103F-16F7-4668-BE54-9A1E7A4F7556}") = "MauiAppHybrid", "Step05\MauiAppHybrid\MauiAppHybrid.csproj", "{7C117BA9-4A66-4514-8D8F-82F0D891BB50}"
EndProject
Project("{9A19103F-16F7-4668-BE54-9A1E7A4F7556}") = "RazorCLib", "Step05\RazorCLib\RazorCLib.csproj", "{492982EE-85E4-45FE-A8D3-7F6BE3EB5B36}"
EndProject
Project("{2150E333-8FDC-42A3-9474-1A3956D46DE8}") = "Step06", "Step06", "{E596DFD7-E3C1-4357-A9B2-79CAE5D38119}"
EndProject
Project("{9A19103F-16F7-4668-BE54-9A1E7A4F7556}") = "BlazorServer", "Step06\BlazorServer\BlazorServer.csproj", "{701F9055-C6EB-4A79-A254-70D52A07AD4D}"
EndProject
Project("{9A19103F-16F7-4668-BE54-9A1E7A4F7556}") = "MauiAppHybrid", "Step06\MauiAppHybrid\MauiAppHybrid.csproj", "{A293087B-C94D-4219-9C46-F7434494774D}"
EndProject
Project("{9A19103F-16F7-4668-BE54-9A1E7A4F7556}") = "RazorCLib", "Step06\RazorCLib\RazorCLib.csproj", "{08B1B497-4B9B-46E0-AC37-C5092F00783B}"
EndProject
Project("{2150E333-8FDC-42A3-9474-1A3956D46DE8}") = "Start", "Start", "{5605B062-3055-403F-A888-770F358B7ADD}"
EndProject
Project("{9A19103F-16F7-4668-BE54-9A1E7A4F7556}") = "MauiAppStart", "MauiAppStart\MauiAppStart.csproj", "{E11B39FC-9C31-4DB7-8FFD-8AB6631CA330}"
EndProject
Project("{9A19103F-16F7-4668-BE54-9A1E7A4F7556}") = "RazorCLib", "Step02\RazorCLib\RazorCLib.csproj", "{FBDB9834-3714-437E-8B70-D5C33DC6A951}"
EndProject
Global
	GlobalSection(SolutionConfigurationPlatforms) = preSolution
		Debug|Any CPU = Debug|Any CPU
		Release|Any CPU = Release|Any CPU
	EndGlobalSection
	GlobalSection(ProjectConfigurationPlatforms) = postSolution
		{1DF470A2-F314-43EE-AFCA-3270C88D4217}.Debug|Any CPU.ActiveCfg = Debug|Any CPU
		{1DF470A2-F314-43EE-AFCA-3270C88D4217}.Debug|Any CPU.Build.0 = Debug|Any CPU
		{1DF470A2-F314-43EE-AFCA-3270C88D4217}.Release|Any CPU.ActiveCfg = Release|Any CPU
		{1DF470A2-F314-43EE-AFCA-3270C88D4217}.Release|Any CPU.Build.0 = Release|Any CPU
		{0D0025C9-9D48-4DD8-AC7B-F0C3DA9AF94B}.Debug|Any CPU.ActiveCfg = Debug|Any CPU
		{0D0025C9-9D48-4DD8-AC7B-F0C3DA9AF94B}.Debug|Any CPU.Build.0 = Debug|Any CPU
		{0D0025C9-9D48-4DD8-AC7B-F0C3DA9AF94B}.Release|Any CPU.ActiveCfg = Release|Any CPU
		{0D0025C9-9D48-4DD8-AC7B-F0C3DA9AF94B}.Release|Any CPU.Build.0 = Release|Any CPU
		{05C175F4-12B4-451B-BD98-F6CE6C43DAD4}.Debug|Any CPU.ActiveCfg = Debug|Any CPU
		{05C175F4-12B4-451B-BD98-F6CE6C43DAD4}.Debug|Any CPU.Build.0 = Debug|Any CPU
		{05C175F4-12B4-451B-BD98-F6CE6C43DAD4}.Release|Any CPU.ActiveCfg = Release|Any CPU
		{05C175F4-12B4-451B-BD98-F6CE6C43DAD4}.Release|Any CPU.Build.0 = Release|Any CPU
		{DA6FD7D6-C847-47D1-BB4F-DA72A937A14F}.Debug|Any CPU.ActiveCfg = Debug|Any CPU
		{DA6FD7D6-C847-47D1-BB4F-DA72A937A14F}.Debug|Any CPU.Build.0 = Debug|Any CPU
		{DA6FD7D6-C847-47D1-BB4F-DA72A937A14F}.Release|Any CPU.ActiveCfg = Release|Any CPU
		{DA6FD7D6-C847-47D1-BB4F-DA72A937A14F}.Release|Any CPU.Build.0 = Release|Any CPU
		{D07ECBED-0618-4C2B-A78F-51C5077052D2}.Debug|Any CPU.ActiveCfg = Debug|Any CPU
		{D07ECBED-0618-4C2B-A78F-51C5077052D2}.Debug|Any CPU.Build.0 = Debug|Any CPU
		{D07ECBED-0618-4C2B-A78F-51C5077052D2}.Release|Any CPU.ActiveCfg = Release|Any CPU
		{D07ECBED-0618-4C2B-A78F-51C5077052D2}.Release|Any CPU.Build.0 = Release|Any CPU
		{C0C3463D-B259-4AC1-A609-4C5B0FC99905}.Debug|Any CPU.ActiveCfg = Debug|Any CPU
		{C0C3463D-B259-4AC1-A609-4C5B0FC99905}.Debug|Any CPU.Build.0 = Debug|Any CPU
		{C0C3463D-B259-4AC1-A609-4C5B0FC99905}.Debug|Any CPU.Deploy.0 = Debug|Any CPU
		{C0C3463D-B259-4AC1-A609-4C5B0FC99905}.Release|Any CPU.ActiveCfg = Release|Any CPU
		{C0C3463D-B259-4AC1-A609-4C5B0FC99905}.Release|Any CPU.Build.0 = Release|Any CPU
		{C0C3463D-B259-4AC1-A609-4C5B0FC99905}.Release|Any CPU.Deploy.0 = Release|Any CPU
		{50B1D7D7-0E82-4879-857A-C0B48B34C5BF}.Debug|Any CPU.ActiveCfg = Debug|Any CPU
		{50B1D7D7-0E82-4879-857A-C0B48B34C5BF}.Debug|Any CPU.Build.0 = Debug|Any CPU
		{50B1D7D7-0E82-4879-857A-C0B48B34C5BF}.Release|Any CPU.ActiveCfg = Release|Any CPU
		{50B1D7D7-0E82-4879-857A-C0B48B34C5BF}.Release|Any CPU.Build.0 = Release|Any CPU
		{F27C576C-B970-43CC-B5BB-824238F8FEF0}.Debug|Any CPU.ActiveCfg = Debug|Any CPU
		{F27C576C-B970-43CC-B5BB-824238F8FEF0}.Debug|Any CPU.Build.0 = Debug|Any CPU
		{F27C576C-B970-43CC-B5BB-824238F8FEF0}.Debug|Any CPU.Deploy.0 = Debug|Any CPU
		{F27C576C-B970-43CC-B5BB-824238F8FEF0}.Release|Any CPU.ActiveCfg = Release|Any CPU
		{F27C576C-B970-43CC-B5BB-824238F8FEF0}.Release|Any CPU.Build.0 = Release|Any CPU
		{F27C576C-B970-43CC-B5BB-824238F8FEF0}.Release|Any CPU.Deploy.0 = Release|Any CPU
		{D3F38BF5-C6FA-4749-9CEC-1A09F9885855}.Debug|Any CPU.ActiveCfg = Debug|Any CPU
		{D3F38BF5-C6FA-4749-9CEC-1A09F9885855}.Debug|Any CPU.Build.0 = Debug|Any CPU
		{D3F38BF5-C6FA-4749-9CEC-1A09F9885855}.Release|Any CPU.ActiveCfg = Release|Any CPU
		{D3F38BF5-C6FA-4749-9CEC-1A09F9885855}.Release|Any CPU.Build.0 = Release|Any CPU
		{A07B03C6-483C-423A-9A7F-5EA854BB636D}.Debug|Any CPU.ActiveCfg = Debug|Any CPU
		{A07B03C6-483C-423A-9A7F-5EA854BB636D}.Debug|Any CPU.Build.0 = Debug|Any CPU
		{A07B03C6-483C-423A-9A7F-5EA854BB636D}.Release|Any CPU.ActiveCfg = Release|Any CPU
		{A07B03C6-483C-423A-9A7F-5EA854BB636D}.Release|Any CPU.Build.0 = Release|Any CPU
		{3BD7AC76-8348-439C-8E78-B0DF6197A6DD}.Debug|Any CPU.ActiveCfg = Debug|Any CPU
		{3BD7AC76-8348-439C-8E78-B0DF6197A6DD}.Debug|Any CPU.Build.0 = Debug|Any CPU
		{3BD7AC76-8348-439C-8E78-B0DF6197A6DD}.Debug|Any CPU.Deploy.0 = Debug|Any CPU
		{3BD7AC76-8348-439C-8E78-B0DF6197A6DD}.Release|Any CPU.ActiveCfg = Release|Any CPU
		{3BD7AC76-8348-439C-8E78-B0DF6197A6DD}.Release|Any CPU.Build.0 = Release|Any CPU
		{3BD7AC76-8348-439C-8E78-B0DF6197A6DD}.Release|Any CPU.Deploy.0 = Release|Any CPU
		{F2E86F62-8179-4339-8B79-8547AC71748F}.Debug|Any CPU.ActiveCfg = Debug|Any CPU
		{F2E86F62-8179-4339-8B79-8547AC71748F}.Debug|Any CPU.Build.0 = Debug|Any CPU
		{F2E86F62-8179-4339-8B79-8547AC71748F}.Release|Any CPU.ActiveCfg = Release|Any CPU
		{F2E86F62-8179-4339-8B79-8547AC71748F}.Release|Any CPU.Build.0 = Release|Any CPU
		{10E3C2AC-F3CE-4CAB-A75A-2C6A2976F926}.Debug|Any CPU.ActiveCfg = Debug|Any CPU
		{10E3C2AC-F3CE-4CAB-A75A-2C6A2976F926}.Debug|Any CPU.Build.0 = Debug|Any CPU
		{10E3C2AC-F3CE-4CAB-A75A-2C6A2976F926}.Release|Any CPU.ActiveCfg = Release|Any CPU
		{10E3C2AC-F3CE-4CAB-A75A-2C6A2976F926}.Release|Any CPU.Build.0 = Release|Any CPU
		{7C117BA9-4A66-4514-8D8F-82F0D891BB50}.Debug|Any CPU.ActiveCfg = Debug|Any CPU
		{7C117BA9-4A66-4514-8D8F-82F0D891BB50}.Debug|Any CPU.Build.0 = Debug|Any CPU
		{7C117BA9-4A66-4514-8D8F-82F0D891BB50}.Debug|Any CPU.Deploy.0 = Debug|Any CPU
		{7C117BA9-4A66-4514-8D8F-82F0D891BB50}.Release|Any CPU.ActiveCfg = Release|Any CPU
		{7C117BA9-4A66-4514-8D8F-82F0D891BB50}.Release|Any CPU.Build.0 = Release|Any CPU
		{7C117BA9-4A66-4514-8D8F-82F0D891BB50}.Release|Any CPU.Deploy.0 = Release|Any CPU
		{492982EE-85E4-45FE-A8D3-7F6BE3EB5B36}.Debug|Any CPU.ActiveCfg = Debug|Any CPU
		{492982EE-85E4-45FE-A8D3-7F6BE3EB5B36}.Debug|Any CPU.Build.0 = Debug|Any CPU
		{492982EE-85E4-45FE-A8D3-7F6BE3EB5B36}.Release|Any CPU.ActiveCfg = Release|Any CPU
		{492982EE-85E4-45FE-A8D3-7F6BE3EB5B36}.Release|Any CPU.Build.0 = Release|Any CPU
		{701F9055-C6EB-4A79-A254-70D52A07AD4D}.Debug|Any CPU.ActiveCfg = Debug|Any CPU
		{701F9055-C6EB-4A79-A254-70D52A07AD4D}.Debug|Any CPU.Build.0 = Debug|Any CPU
		{701F9055-C6EB-4A79-A254-70D52A07AD4D}.Release|Any CPU.ActiveCfg = Release|Any CPU
		{701F9055-C6EB-4A79-A254-70D52A07AD4D}.Release|Any CPU.Build.0 = Release|Any CPU
		{A293087B-C94D-4219-9C46-F7434494774D}.Debug|Any CPU.ActiveCfg = Debug|Any CPU
		{A293087B-C94D-4219-9C46-F7434494774D}.Debug|Any CPU.Build.0 = Debug|Any CPU
		{A293087B-C94D-4219-9C46-F7434494774D}.Debug|Any CPU.Deploy.0 = Debug|Any CPU
		{A293087B-C94D-4219-9C46-F7434494774D}.Release|Any CPU.ActiveCfg = Release|Any CPU
		{A293087B-C94D-4219-9C46-F7434494774D}.Release|Any CPU.Build.0 = Release|Any CPU
		{A293087B-C94D-4219-9C46-F7434494774D}.Release|Any CPU.Deploy.0 = Release|Any CPU
		{08B1B497-4B9B-46E0-AC37-C5092F00783B}.Debug|Any CPU.ActiveCfg = Debug|Any CPU
		{08B1B497-4B9B-46E0-AC37-C5092F00783B}.Debug|Any CPU.Build.0 = Debug|Any CPU
		{08B1B497-4B9B-46E0-AC37-C5092F00783B}.Release|Any CPU.ActiveCfg = Release|Any CPU
		{08B1B497-4B9B-46E0-AC37-C5092F00783B}.Release|Any CPU.Build.0 = Release|Any CPU
		{E11B39FC-9C31-4DB7-8FFD-8AB6631CA330}.Debug|Any CPU.ActiveCfg = Debug|Any CPU
		{E11B39FC-9C31-4DB7-8FFD-8AB6631CA330}.Debug|Any CPU.Build.0 = Debug|Any CPU
		{E11B39FC-9C31-4DB7-8FFD-8AB6631CA330}.Debug|Any CPU.Deploy.0 = Debug|Any CPU
		{E11B39FC-9C31-4DB7-8FFD-8AB6631CA330}.Release|Any CPU.ActiveCfg = Release|Any CPU
		{E11B39FC-9C31-4DB7-8FFD-8AB6631CA330}.Release|Any CPU.Build.0 = Release|Any CPU
		{E11B39FC-9C31-4DB7-8FFD-8AB6631CA330}.Release|Any CPU.Deploy.0 = Release|Any CPU
		{FBDB9834-3714-437E-8B70-D5C33DC6A951}.Debug|Any CPU.ActiveCfg = Debug|Any CPU
		{FBDB9834-3714-437E-8B70-D5C33DC6A951}.Debug|Any CPU.Build.0 = Debug|Any CPU
		{FBDB9834-3714-437E-8B70-D5C33DC6A951}.Release|Any CPU.ActiveCfg = Release|Any CPU
		{FBDB9834-3714-437E-8B70-D5C33DC6A951}.Release|Any CPU.Build.0 = Release|Any CPU
	EndGlobalSection
	GlobalSection(SolutionProperties) = preSolution
		HideSolutionNode = FALSE
	EndGlobalSection
	GlobalSection(NestedProjects) = preSolution
		{1DF470A2-F314-43EE-AFCA-3270C88D4217} = {A20EE69D-4079-43AC-90B3-4EBE8FBC727C}
		{0D0025C9-9D48-4DD8-AC7B-F0C3DA9AF94B} = {A20EE69D-4079-43AC-90B3-4EBE8FBC727C}
		{05C175F4-12B4-451B-BD98-F6CE6C43DAD4} = {3BC176BB-83CB-4270-A649-C587BAD94560}
		{DA6FD7D6-C847-47D1-BB4F-DA72A937A14F} = {3BC176BB-83CB-4270-A649-C587BAD94560}
		{D07ECBED-0618-4C2B-A78F-51C5077052D2} = {725B1889-5EB9-4CA0-BFA2-CCDEE5F14656}
		{C0C3463D-B259-4AC1-A609-4C5B0FC99905} = {725B1889-5EB9-4CA0-BFA2-CCDEE5F14656}
		{50B1D7D7-0E82-4879-857A-C0B48B34C5BF} = {4A7FAC7E-1898-452E-858C-AB0F7E3A98EA}
		{F27C576C-B970-43CC-B5BB-824238F8FEF0} = {4A7FAC7E-1898-452E-858C-AB0F7E3A98EA}
		{D3F38BF5-C6FA-4749-9CEC-1A09F9885855} = {4A7FAC7E-1898-452E-858C-AB0F7E3A98EA}
		{A07B03C6-483C-423A-9A7F-5EA854BB636D} = {73DA8D9E-9A7D-4327-9ED9-1C50F76268E5}
		{3BD7AC76-8348-439C-8E78-B0DF6197A6DD} = {73DA8D9E-9A7D-4327-9ED9-1C50F76268E5}
		{F2E86F62-8179-4339-8B79-8547AC71748F} = {73DA8D9E-9A7D-4327-9ED9-1C50F76268E5}
		{10E3C2AC-F3CE-4CAB-A75A-2C6A2976F926} = {70CD6B6D-97C3-4CF2-B5C9-A56B192A2697}
		{7C117BA9-4A66-4514-8D8F-82F0D891BB50} = {70CD6B6D-97C3-4CF2-B5C9-A56B192A2697}
		{492982EE-85E4-45FE-A8D3-7F6BE3EB5B36} = {70CD6B6D-97C3-4CF2-B5C9-A56B192A2697}
		{701F9055-C6EB-4A79-A254-70D52A07AD4D} = {E596DFD7-E3C1-4357-A9B2-79CAE5D38119}
		{A293087B-C94D-4219-9C46-F7434494774D} = {E596DFD7-E3C1-4357-A9B2-79CAE5D38119}
		{08B1B497-4B9B-46E0-AC37-C5092F00783B} = {E596DFD7-E3C1-4357-A9B2-79CAE5D38119}
		{E11B39FC-9C31-4DB7-8FFD-8AB6631CA330} = {5605B062-3055-403F-A888-770F358B7ADD}
		{FBDB9834-3714-437E-8B70-D5C33DC6A951} = {725B1889-5EB9-4CA0-BFA2-CCDEE5F14656}
	EndGlobalSection
	GlobalSection(ExtensibilityGlobals) = postSolution
		SolutionGuid = {A3FBA70D-8329-4E7F-AEC6-51978012D49A}
	EndGlobalSection
EndGlobal
