
Microsoft Visual Studio Solution File, Format Version 12.00
# Visual Studio Version 17
VisualStudioVersion = 17.10.34607.79
MinimumVisualStudioVersion = 10.0.40219.1
Project("{9A19103F-16F7-4668-BE54-9A1E7A4F7556}") = "MauiAppAkavache.Client", "MauiAppAkavache.Client\MauiAppAkavache.Client.csproj", "{DF8B14FB-91AF-4CC8-96DF-59845DB43BB2}"
EndProject
Project("{9A19103F-16F7-4668-BE54-9A1E7A4F7556}") = "GenoeseExpenseMng.Backend", "Backend\GenoeseExpenseMng.Backend.csproj", "{C95010EB-613B-4E8E-93AD-66D8672BC6D1}"
EndProject
Global
	GlobalSection(SolutionConfigurationPlatforms) = preSolution
		Debug|Any CPU = Debug|Any CPU
		Release|Any CPU = Release|Any CPU
	EndGlobalSection
	GlobalSection(ProjectConfigurationPlatforms) = postSolution
		{DF8B14FB-91AF-4CC8-96DF-59845DB43BB2}.Debug|Any CPU.ActiveCfg = Debug|Any CPU
		{DF8B14FB-91AF-4CC8-96DF-59845DB43BB2}.Debug|Any CPU.Build.0 = Debug|Any CPU
		{DF8B14FB-91AF-4CC8-96DF-59845DB43BB2}.Debug|Any CPU.Deploy.0 = Debug|Any CPU
		{DF8B14FB-91AF-4CC8-96DF-59845DB43BB2}.Release|Any CPU.ActiveCfg = Release|Any CPU
		{DF8B14FB-91AF-4CC8-96DF-59845DB43BB2}.Release|Any CPU.Build.0 = Release|Any CPU
		{DF8B14FB-91AF-4CC8-96DF-59845DB43BB2}.Release|Any CPU.Deploy.0 = Release|Any CPU
		{C95010EB-613B-4E8E-93AD-66D8672BC6D1}.Debug|Any CPU.ActiveCfg = Debug|Any CPU
		{C95010EB-613B-4E8E-93AD-66D8672BC6D1}.Debug|Any CPU.Build.0 = Debug|Any CPU
		{C95010EB-613B-4E8E-93AD-66D8672BC6D1}.Release|Any CPU.ActiveCfg = Release|Any CPU
		{C95010EB-613B-4E8E-93AD-66D8672BC6D1}.Release|Any CPU.Build.0 = Release|Any CPU
	EndGlobalSection
	GlobalSection(SolutionProperties) = preSolution
		HideSolutionNode = FALSE
	EndGlobalSection
	GlobalSection(ExtensibilityGlobals) = postSolution
		SolutionGuid = {A691545C-C47D-4DEC-B7CC-8F514FF14662}
	EndGlobalSection
EndGlobal
